// !$*UTF8*$!
{
	archiveVersion = 1;
	classes = {
	};
	objectVersion = 46;
	objects = {

/* Begin PBXBuildFile section */
		99038FAC1E803F1300B01539 /* AppDelegate.swift in Sources */ = {isa = PBXBuildFile; fileRef = 99038FAB1E803F1300B01539 /* AppDelegate.swift */; };
		99038FB11E803F1300B01539 /* Main.storyboard in Resources */ = {isa = PBXBuildFile; fileRef = 99038FAF1E803F1300B01539 /* Main.storyboard */; };
		99038FB31E803F1300B01539 /* Assets.xcassets in Resources */ = {isa = PBXBuildFile; fileRef = 99038FB21E803F1300B01539 /* Assets.xcassets */; };
		99038FB61E803F1300B01539 /* LaunchScreen.storyboard in Resources */ = {isa = PBXBuildFile; fileRef = 99038FB41E803F1300B01539 /* LaunchScreen.storyboard */; };
		99038FBE1E8052B900B01539 /* tweet.json in Resources */ = {isa = PBXBuildFile; fileRef = 99038FBD1E8052B900B01539 /* tweet.json */; };
		99038FC01E8053F000B01539 /* tweet.swift in Sources */ = {isa = PBXBuildFile; fileRef = 99038FBF1E8053F000B01539 /* tweet.swift */; };
		99038FC21E80541100B01539 /* user.swift in Sources */ = {isa = PBXBuildFile; fileRef = 99038FC11E80541100B01539 /* user.swift */; };
		99038FC41E806D6900B01539 /* JSONParser.swift in Sources */ = {isa = PBXBuildFile; fileRef = 99038FC31E806D6900B01539 /* JSONParser.swift */; };
		99038FC61E80781100B01539 /* HomeTimelineViewController.swift in Sources */ = {isa = PBXBuildFile; fileRef = 99038FC51E80781100B01539 /* HomeTimelineViewController.swift */; };
		9953F63E1E8318FC00155586 /* TweetDetailViewController.swift in Sources */ = {isa = PBXBuildFile; fileRef = 9953F63D1E8318FC00155586 /* TweetDetailViewController.swift */; };
		9953F6421E842F5800155586 /* ProfileViewController.swift in Sources */ = {isa = PBXBuildFile; fileRef = 9953F6411E842F5800155586 /* ProfileViewController.swift */; };
		997CC7731E819E9800576FFD /* API.swift in Sources */ = {isa = PBXBuildFile; fileRef = 997CC7721E819E9800576FFD /* API.swift */; };
		997CC7931E82F9E400576FFD /* TweetCell.swift in Sources */ = {isa = PBXBuildFile; fileRef = 997CC7921E82F9E400576FFD /* TweetCell.swift */; };
		99CC1ADE1E844DE9006D275B /* UIExtentions.swift in Sources */ = {isa = PBXBuildFile; fileRef = 99CC1ADD1E844DE9006D275B /* UIExtentions.swift */; };
/* End PBXBuildFile section */

/* Begin PBXFileReference section */
		99038FA81E803F1300B01539 /* TwitterClient.app */ = {isa = PBXFileReference; explicitFileType = wrapper.application; includeInIndex = 0; path = TwitterClient.app; sourceTree = BUILT_PRODUCTS_DIR; };
		99038FAB1E803F1300B01539 /* AppDelegate.swift */ = {isa = PBXFileReference; lastKnownFileType = sourcecode.swift; path = AppDelegate.swift; sourceTree = "<group>"; };
		99038FB01E803F1300B01539 /* Base */ = {isa = PBXFileReference; lastKnownFileType = file.storyboard; name = Base; path = Base.lproj/Main.storyboard; sourceTree = "<group>"; };
		99038FB21E803F1300B01539 /* Assets.xcassets */ = {isa = PBXFileReference; lastKnownFileType = folder.assetcatalog; path = Assets.xcassets; sourceTree = "<group>"; };
		99038FB51E803F1300B01539 /* Base */ = {isa = PBXFileReference; lastKnownFileType = file.storyboard; name = Base; path = Base.lproj/LaunchScreen.storyboard; sourceTree = "<group>"; };
		99038FB71E803F1300B01539 /* Info.plist */ = {isa = PBXFileReference; lastKnownFileType = text.plist.xml; path = Info.plist; sourceTree = "<group>"; };
		99038FBD1E8052B900B01539 /* tweet.json */ = {isa = PBXFileReference; fileEncoding = 4; lastKnownFileType = text.json; path = tweet.json; sourceTree = "<group>"; };
		99038FBF1E8053F000B01539 /* tweet.swift */ = {isa = PBXFileReference; fileEncoding = 4; lastKnownFileType = sourcecode.swift; path = tweet.swift; sourceTree = "<group>"; };
		99038FC11E80541100B01539 /* user.swift */ = {isa = PBXFileReference; fileEncoding = 4; lastKnownFileType = sourcecode.swift; path = user.swift; sourceTree = "<group>"; };
		99038FC31E806D6900B01539 /* JSONParser.swift */ = {isa = PBXFileReference; fileEncoding = 4; lastKnownFileType = sourcecode.swift; path = JSONParser.swift; sourceTree = "<group>"; };
		99038FC51E80781100B01539 /* HomeTimelineViewController.swift */ = {isa = PBXFileReference; fileEncoding = 4; lastKnownFileType = sourcecode.swift; path = HomeTimelineViewController.swift; sourceTree = "<group>"; };
		9953F63D1E8318FC00155586 /* TweetDetailViewController.swift */ = {isa = PBXFileReference; fileEncoding = 4; lastKnownFileType = sourcecode.swift; path = TweetDetailViewController.swift; sourceTree = "<group>"; };
		9953F6411E842F5800155586 /* ProfileViewController.swift */ = {isa = PBXFileReference; fileEncoding = 4; lastKnownFileType = sourcecode.swift; path = ProfileViewController.swift; sourceTree = "<group>"; };
		997CC7721E819E9800576FFD /* API.swift */ = {isa = PBXFileReference; fileEncoding = 4; lastKnownFileType = sourcecode.swift; path = API.swift; sourceTree = "<group>"; };
		997CC7921E82F9E400576FFD /* TweetCell.swift */ = {isa = PBXFileReference; fileEncoding = 4; lastKnownFileType = sourcecode.swift; path = TweetCell.swift; sourceTree = "<group>"; };
		99CC1ADD1E844DE9006D275B /* UIExtentions.swift */ = {isa = PBXFileReference; fileEncoding = 4; lastKnownFileType = sourcecode.swift; path = UIExtentions.swift; sourceTree = "<group>"; };
/* End PBXFileReference section */

/* Begin PBXFrameworksBuildPhase section */
		99038FA51E803F1300B01539 /* Frameworks */ = {
			isa = PBXFrameworksBuildPhase;
			buildActionMask = 2147483647;
			files = (
			);
			runOnlyForDeploymentPostprocessing = 0;
		};
/* End PBXFrameworksBuildPhase section */

/* Begin PBXGroup section */
		99038F9F1E803F1200B01539 = {
			isa = PBXGroup;
			children = (
				9953F6411E842F5800155586 /* ProfileViewController.swift */,
				99038FAA1E803F1300B01539 /* TwitterClient */,
				99038FA91E803F1300B01539 /* Products */,
			);
			sourceTree = "<group>";
		};
		99038FA91E803F1300B01539 /* Products */ = {
			isa = PBXGroup;
			children = (
				99038FA81E803F1300B01539 /* TwitterClient.app */,
			);
			name = Products;
			sourceTree = "<group>";
		};
		99038FAA1E803F1300B01539 /* TwitterClient */ = {
			isa = PBXGroup;
			children = (
				99038FAB1E803F1300B01539 /* AppDelegate.swift */,
				99038FAF1E803F1300B01539 /* Main.storyboard */,
				9953F63D1E8318FC00155586 /* TweetDetailViewController.swift */,
				997CC7921E82F9E400576FFD /* TweetCell.swift */,
				99038FC51E80781100B01539 /* HomeTimelineViewController.swift */,
				997CC7721E819E9800576FFD /* API.swift */,
				99CC1ADD1E844DE9006D275B /* UIExtentions.swift */,
				99038FB21E803F1300B01539 /* Assets.xcassets */,
				99038FB41E803F1300B01539 /* LaunchScreen.storyboard */,
				99038FB71E803F1300B01539 /* Info.plist */,
				99038FBD1E8052B900B01539 /* tweet.json */,
				99038FBF1E8053F000B01539 /* tweet.swift */,
				99038FC31E806D6900B01539 /* JSONParser.swift */,
				99038FC11E80541100B01539 /* user.swift */,
			);
			path = TwitterClient;
			sourceTree = "<group>";
		};
/* End PBXGroup section */

/* Begin PBXNativeTarget section */
		99038FA71E803F1300B01539 /* TwitterClient */ = {
			isa = PBXNativeTarget;
			buildConfigurationList = 99038FBA1E803F1300B01539 /* Build configuration list for PBXNativeTarget "TwitterClient" */;
			buildPhases = (
				99038FA41E803F1300B01539 /* Sources */,
				99038FA51E803F1300B01539 /* Frameworks */,
				99038FA61E803F1300B01539 /* Resources */,
			);
			buildRules = (
			);
			dependencies = (
			);
			name = TwitterClient;
			productName = TwitterClient;
			productReference = 99038FA81E803F1300B01539 /* TwitterClient.app */;
			productType = "com.apple.product-type.application";
		};
/* End PBXNativeTarget section */

/* Begin PBXProject section */
		99038FA01E803F1200B01539 /* Project object */ = {
			isa = PBXProject;
			attributes = {
				LastSwiftUpdateCheck = 0820;
				LastUpgradeCheck = 0820;
				ORGANIZATIONNAME = "Regenal Grant";
				TargetAttributes = {
					99038FA71E803F1300B01539 = {
						CreatedOnToolsVersion = 8.2.1;
						DevelopmentTeam = AVQ9E7DJWL;
						ProvisioningStyle = Automatic;
					};
				};
			};
			buildConfigurationList = 99038FA31E803F1200B01539 /* Build configuration list for PBXProject "TwitterClient" */;
			compatibilityVersion = "Xcode 3.2";
			developmentRegion = English;
			hasScannedForEncodings = 0;
			knownRegions = (
				en,
				Base,
			);
			mainGroup = 99038F9F1E803F1200B01539;
			productRefGroup = 99038FA91E803F1300B01539 /* Products */;
			projectDirPath = "";
			projectRoot = "";
			targets = (
				99038FA71E803F1300B01539 /* TwitterClient */,
			);
		};
/* End PBXProject section */

/* Begin PBXResourcesBuildPhase section */
		99038FA61E803F1300B01539 /* Resources */ = {
			isa = PBXResourcesBuildPhase;
			buildActionMask = 2147483647;
			files = (
				99038FB61E803F1300B01539 /* LaunchScreen.storyboard in Resources */,
				99038FB31E803F1300B01539 /* Assets.xcassets in Resources */,
				99038FB11E803F1300B01539 /* Main.storyboard in Resources */,
				99038FBE1E8052B900B01539 /* tweet.json in Resources */,
			);
			runOnlyForDeploymentPostprocessing = 0;
		};
/* End PBXResourcesBuildPhase section */

/* Begin PBXSourcesBuildPhase section */
		99038FA41E803F1300B01539 /* Sources */ = {
			isa = PBXSourcesBuildPhase;
			buildActionMask = 2147483647;
			files = (
				99038FC21E80541100B01539 /* user.swift in Sources */,
				997CC7931E82F9E400576FFD /* TweetCell.swift in Sources */,
				99038FC41E806D6900B01539 /* JSONParser.swift in Sources */,
				99038FC01E8053F000B01539 /* tweet.swift in Sources */,
				99038FAC1E803F1300B01539 /* AppDelegate.swift in Sources */,
				9953F63E1E8318FC00155586 /* TweetDetailViewController.swift in Sources */,
				9953F6421E842F5800155586 /* ProfileViewController.swift in Sources */,
				997CC7731E819E9800576FFD /* API.swift in Sources */,
				99CC1ADE1E844DE9006D275B /* UIExtentions.swift in Sources */,
				99038FC61E80781100B01539 /* HomeTimelineViewController.swift in Sources */,
			);
			runOnlyForDeploymentPostprocessing = 0;
		};
/* End PBXSourcesBuildPhase section */

/* Begin PBXVariantGroup section */
		99038FAF1E803F1300B01539 /* Main.storyboard */ = {
			isa = PBXVariantGroup;
			children = (
				99038FB01E803F1300B01539 /* Base */,
			);
			name = Main.storyboard;
			sourceTree = "<group>";
		};
		99038FB41E803F1300B01539 /* LaunchScreen.storyboard */ = {
			isa = PBXVariantGroup;
			children = (
				99038FB51E803F1300B01539 /* Base */,
			);
			name = LaunchScreen.storyboard;
			sourceTree = "<group>";
		};
/* End PBXVariantGroup section */

/* Begin XCBuildConfiguration section */
		99038FB81E803F1300B01539 /* Debug */ = {
			isa = XCBuildConfiguration;
			buildSettings = {
				ALWAYS_SEARCH_USER_PATHS = NO;
				CLANG_ANALYZER_NONNULL = YES;
				CLANG_CXX_LANGUAGE_STANDARD = "gnu++0x";
				CLANG_CXX_LIBRARY = "libc++";
				CLANG_ENABLE_MODULES = YES;
				CLANG_ENABLE_OBJC_ARC = YES;
				CLANG_WARN_BOOL_CONVERSION = YES;
				CLANG_WARN_CONSTANT_CONVERSION = YES;
				CLANG_WARN_DIRECT_OBJC_ISA_USAGE = YES_ERROR;
				CLANG_WARN_DOCUMENTATION_COMMENTS = YES;
				CLANG_WARN_EMPTY_BODY = YES;
				CLANG_WARN_ENUM_CONVERSION = YES;
				CLANG_WARN_INFINITE_RECURSION = YES;
				CLANG_WARN_INT_CONVERSION = YES;
				CLANG_WARN_OBJC_ROOT_CLASS = YES_ERROR;
				CLANG_WARN_SUSPICIOUS_MOVE = YES;
				CLANG_WARN_UNREACHABLE_CODE = YES;
				CLANG_WARN__DUPLICATE_METHOD_MATCH = YES;
				"CODE_SIGN_IDENTITY[sdk=iphoneos*]" = "iPhone Developer";
				COPY_PHASE_STRIP = NO;
				DEBUG_INFORMATION_FORMAT = dwarf;
				ENABLE_STRICT_OBJC_MSGSEND = YES;
				ENABLE_TESTABILITY = YES;
				GCC_C_LANGUAGE_STANDARD = gnu99;
				GCC_DYNAMIC_NO_PIC = NO;
				GCC_NO_COMMON_BLOCKS = YES;
				GCC_OPTIMIZATION_LEVEL = 0;
				GCC_PREPROCESSOR_DEFINITIONS = (
					"DEBUG=1",
					"$(inherited)",
				);
				GCC_WARN_64_TO_32_BIT_CONVERSION = YES;
				GCC_WARN_ABOUT_RETURN_TYPE = YES_ERROR;
				GCC_WARN_UNDECLARED_SELECTOR = YES;
				GCC_WARN_UNINITIALIZED_AUTOS = YES_AGGRESSIVE;
				GCC_WARN_UNUSED_FUNCTION = YES;
				GCC_WARN_UNUSED_VARIABLE = YES;
				IPHONEOS_DEPLOYMENT_TARGET = 10.2;
				MTL_ENABLE_DEBUG_INFO = YES;
				ONLY_ACTIVE_ARCH = YES;
				SDKROOT = iphoneos;
				SWIFT_ACTIVE_COMPILATION_CONDITIONS = DEBUG;
				SWIFT_OPTIMIZATION_LEVEL = "-Onone";
				TARGETED_DEVICE_FAMILY = "1,2";
			};
			name = Debug;
		};
		99038FB91E803F1300B01539 /* Release */ = {
			isa = XCBuildConfiguration;
			buildSettings = {
				ALWAYS_SEARCH_USER_PATHS = NO;
				CLANG_ANALYZER_NONNULL = YES;
				CLANG_CXX_LANGUAGE_STANDARD = "gnu++0x";
				CLANG_CXX_LIBRARY = "libc++";
				CLANG_ENABLE_MODULES = YES;
				CLANG_ENABLE_OBJC_ARC = YES;
				CLANG_WARN_BOOL_CONVERSION = YES;
				CLANG_WARN_CONSTANT_CONVERSION = YES;
				CLANG_WARN_DIRECT_OBJC_ISA_USAGE = YES_ERROR;
				CLANG_WARN_DOCUMENTATION_COMMENTS = YES;
				CLANG_WARN_EMPTY_BODY = YES;
				CLANG_WARN_ENUM_CONVERSION = YES;
				CLANG_WARN_INFINITE_RECURSION = YES;
				CLANG_WARN_INT_CONVERSION = YES;
				CLANG_WARN_OBJC_ROOT_CLASS = YES_ERROR;
				CLANG_WARN_SUSPICIOUS_MOVE = YES;
				CLANG_WARN_UNREACHABLE_CODE = YES;
				CLANG_WARN__DUPLICATE_METHOD_MATCH = YES;
				"CODE_SIGN_IDENTITY[sdk=iphoneos*]" = "iPhone Developer";
				COPY_PHASE_STRIP = NO;
				DEBUG_INFORMATION_FORMAT = "dwarf-with-dsym";
				ENABLE_NS_ASSERTIONS = NO;
				ENABLE_STRICT_OBJC_MSGSEND = YES;
				GCC_C_LANGUAGE_STANDARD = gnu99;
				GCC_NO_COMMON_BLOCKS = YES;
				GCC_WARN_64_TO_32_BIT_CONVERSION = YES;
				GCC_WARN_ABOUT_RETURN_TYPE = YES_ERROR;
				GCC_WARN_UNDECLARED_SELECTOR = YES;
				GCC_WARN_UNINITIALIZED_AUTOS = YES_AGGRESSIVE;
				GCC_WARN_UNUSED_FUNCTION = YES;
				GCC_WARN_UNUSED_VARIABLE = YES;
				IPHONEOS_DEPLOYMENT_TARGET = 10.2;
				MTL_ENABLE_DEBUG_INFO = NO;
				SDKROOT = iphoneos;
				SWIFT_OPTIMIZATION_LEVEL = "-Owholemodule";
				TARGETED_DEVICE_FAMILY = "1,2";
				VALIDATE_PRODUCT = YES;
			};
			name = Release;
		};
		99038FBB1E803F1300B01539 /* Debug */ = {
			isa = XCBuildConfiguration;
			buildSettings = {
				ASSETCATALOG_COMPILER_APPICON_NAME = AppIcon;
				DEVELOPMENT_TEAM = AVQ9E7DJWL;
				INFOPLIST_FILE = TwitterClient/Info.plist;
				LD_RUNPATH_SEARCH_PATHS = "$(inherited) @executable_path/Frameworks";
				PRODUCT_BUNDLE_IDENTIFIER = com.regenalgrant.TwitterClient;
				PRODUCT_NAME = "$(TARGET_NAME)";
				SWIFT_VERSION = 3.0;
			};
			name = Debug;
		};
		99038FBC1E803F1300B01539 /* Release */ = {
			isa = XCBuildConfiguration;
			buildSettings = {
				ASSETCATALOG_COMPILER_APPICON_NAME = AppIcon;
				DEVELOPMENT_TEAM = AVQ9E7DJWL;
				INFOPLIST_FILE = TwitterClient/Info.plist;
				LD_RUNPATH_SEARCH_PATHS = "$(inherited) @executable_path/Frameworks";
				PRODUCT_BUNDLE_IDENTIFIER = com.regenalgrant.TwitterClient;
				PRODUCT_NAME = "$(TARGET_NAME)";
				SWIFT_VERSION = 3.0;
			};
			name = Release;
		};
/* End XCBuildConfiguration section */

/* Begin XCConfigurationList section */
		99038FA31E803F1200B01539 /* Build configuration list for PBXProject "TwitterClient" */ = {
			isa = XCConfigurationList;
			buildConfigurations = (
				99038FB81E803F1300B01539 /* Debug */,
				99038FB91E803F1300B01539 /* Release */,
			);
			defaultConfigurationIsVisible = 0;
			defaultConfigurationName = Release;
		};
		99038FBA1E803F1300B01539 /* Build configuration list for PBXNativeTarget "TwitterClient" */ = {
			isa = XCConfigurationList;
			buildConfigurations = (
				99038FBB1E803F1300B01539 /* Debug */,
				99038FBC1E803F1300B01539 /* Release */,
			);
			defaultConfigurationIsVisible = 0;
			defaultConfigurationName = Release;
		};
/* End XCConfigurationList section */
	};
	rootObject = 99038FA01E803F1200B01539 /* Project object */;
}
